
Microsoft Visual Studio Solution File, Format Version 12.00
# Visual Studio 14
VisualStudioVersion = 14.0.25420.1
MinimumVisualStudioVersion = 10.0.40219.1
Project("{8BC9CEB8-8B4A-11D0-8D11-00A0C91BC942}") = "core", "src\core\GH3PlusCore.vcxproj", "{3ECB28CB-CDCA-4193-B4BF-1F7EC67C9E03}"
EndProject
Project("{2150E333-8FDC-42A3-9474-1A3956D46DE8}") = "Plugins", "Plugins", "{E2398C90-1F1C-4DEB-9430-CC10D92C630A}"
EndProject
Project("{8BC9CEB8-8B4A-11D0-8D11-00A0C91BC942}") = "NoteLimitFix", "src\plugins\noteLimit\NoteLimitFix.vcxproj", "{AD3A956F-41C3-4493-9C88-8A000167BE8D}"
EndProject
Project("{8BC9CEB8-8B4A-11D0-8D11-00A0C91BC942}") = "AlwaysDoubleNotes", "src\plugins\alwaysDoubleNotes\AlwaysDoubleNotes.vcxproj", "{5F7C4B1C-C85B-46E9-8171-D6B2FAE90A14}"
EndProject
Project("{8BC9CEB8-8B4A-11D0-8D11-00A0C91BC942}") = "MirrorMode", "src\plugins\MirrorMode\MirrorMode.vcxproj", "{903592F7-CE04-464D-AC3A-82CBF28AA53F}"
EndProject
Project("{8BC9CEB8-8B4A-11D0-8D11-00A0C91BC942}") = "TapHopoChord", "src\plugins\TapHopoChord\TapHopoChord.vcxproj", "{ECC8A22B-8DA2-4D50-9679-0DA29AC7D4FF}"
EndProject
Project("{8BC9CEB8-8B4A-11D0-8D11-00A0C91BC942}") = "WhammyFix", "src\plugins\WhammyFix\WhammyFix.vcxproj", "{3F3D0ABE-56CE-47CE-AFC4-D069E0CDE09A}"
EndProject
Project("{8BC9CEB8-8B4A-11D0-8D11-00A0C91BC942}") = "ForceTapNotes", "src\plugins\forceTapNotes\ForceTapNotes.vcxproj", "{32615C85-50B5-48DB-B611-C8046783FB9B}"
EndProject
Project("{8BC9CEB8-8B4A-11D0-8D11-00A0C91BC942}") = "ForceStrumNotes", "src\plugins\forceStrumNotes\ForceStrumNotes.vcxproj", "{6CF035F3-C8E4-40AD-A992-D07C31BA79FC}"
EndProject
Project("{8BC9CEB8-8B4A-11D0-8D11-00A0C91BC942}") = "TiltFix", "src\plugins\tiltFix\TiltFix.vcxproj", "{8F562B97-5D1F-4E3C-9447-E01604AF9662}"
EndProject
Project("{8BC9CEB8-8B4A-11D0-8D11-00A0C91BC942}") = "KeyHijacker", "src\plugins\keyHijacker\KeyHijacker.vcxproj", "{252C9FE0-3AF1-42D4-BA15-CBC4C26176A8}"
EndProject
Project("{8BC9CEB8-8B4A-11D0-8D11-00A0C91BC942}") = "TextureHelper", "src\plugins\textureHelper\TextureHelper.vcxproj", "{7033409A-E1C1-4759-A519-F508EBFF1114}"
EndProject
Project("{8BC9CEB8-8B4A-11D0-8D11-00A0C91BC942}") = "GemShuffle", "src\plugins\gemShuffle\GemShuffle.vcxproj", "{4D606C3E-242C-4413-87C5-155D35824206}"
EndProject
Global
	GlobalSection(SolutionConfigurationPlatforms) = preSolution
		Debug|Win32 = Debug|Win32
		Release|Win32 = Release|Win32
	EndGlobalSection
	GlobalSection(ProjectConfigurationPlatforms) = postSolution
		{3ECB28CB-CDCA-4193-B4BF-1F7EC67C9E03}.Debug|Win32.ActiveCfg = Debug|Win32
		{3ECB28CB-CDCA-4193-B4BF-1F7EC67C9E03}.Debug|Win32.Build.0 = Debug|Win32
		{3ECB28CB-CDCA-4193-B4BF-1F7EC67C9E03}.Release|Win32.ActiveCfg = Release|Win32
		{3ECB28CB-CDCA-4193-B4BF-1F7EC67C9E03}.Release|Win32.Build.0 = Release|Win32
		{AD3A956F-41C3-4493-9C88-8A000167BE8D}.Debug|Win32.ActiveCfg = Debug|Win32
		{AD3A956F-41C3-4493-9C88-8A000167BE8D}.Debug|Win32.Build.0 = Debug|Win32
		{AD3A956F-41C3-4493-9C88-8A000167BE8D}.Release|Win32.ActiveCfg = Release|Win32
		{AD3A956F-41C3-4493-9C88-8A000167BE8D}.Release|Win32.Build.0 = Release|Win32
		{5F7C4B1C-C85B-46E9-8171-D6B2FAE90A14}.Debug|Win32.ActiveCfg = Debug|Win32
		{5F7C4B1C-C85B-46E9-8171-D6B2FAE90A14}.Debug|Win32.Build.0 = Debug|Win32
		{5F7C4B1C-C85B-46E9-8171-D6B2FAE90A14}.Release|Win32.ActiveCfg = Release|Win32
		{5F7C4B1C-C85B-46E9-8171-D6B2FAE90A14}.Release|Win32.Build.0 = Release|Win32
		{903592F7-CE04-464D-AC3A-82CBF28AA53F}.Debug|Win32.ActiveCfg = Debug|Win32
		{903592F7-CE04-464D-AC3A-82CBF28AA53F}.Debug|Win32.Build.0 = Debug|Win32
		{903592F7-CE04-464D-AC3A-82CBF28AA53F}.Release|Win32.ActiveCfg = Release|Win32
		{903592F7-CE04-464D-AC3A-82CBF28AA53F}.Release|Win32.Build.0 = Release|Win32
		{ECC8A22B-8DA2-4D50-9679-0DA29AC7D4FF}.Debug|Win32.ActiveCfg = Debug|Win32
		{ECC8A22B-8DA2-4D50-9679-0DA29AC7D4FF}.Debug|Win32.Build.0 = Debug|Win32
		{ECC8A22B-8DA2-4D50-9679-0DA29AC7D4FF}.Release|Win32.ActiveCfg = Release|Win32
		{ECC8A22B-8DA2-4D50-9679-0DA29AC7D4FF}.Release|Win32.Build.0 = Release|Win32
		{3F3D0ABE-56CE-47CE-AFC4-D069E0CDE09A}.Debug|Win32.ActiveCfg = Debug|Win32
		{3F3D0ABE-56CE-47CE-AFC4-D069E0CDE09A}.Debug|Win32.Build.0 = Debug|Win32
		{3F3D0ABE-56CE-47CE-AFC4-D069E0CDE09A}.Release|Win32.ActiveCfg = Release|Win32
		{3F3D0ABE-56CE-47CE-AFC4-D069E0CDE09A}.Release|Win32.Build.0 = Release|Win32
		{32615C85-50B5-48DB-B611-C8046783FB9B}.Debug|Win32.ActiveCfg = Debug|Win32
		{32615C85-50B5-48DB-B611-C8046783FB9B}.Debug|Win32.Build.0 = Debug|Win32
		{32615C85-50B5-48DB-B611-C8046783FB9B}.Release|Win32.ActiveCfg = Release|Win32
		{32615C85-50B5-48DB-B611-C8046783FB9B}.Release|Win32.Build.0 = Release|Win32
		{6CF035F3-C8E4-40AD-A992-D07C31BA79FC}.Debug|Win32.ActiveCfg = Debug|Win32
		{6CF035F3-C8E4-40AD-A992-D07C31BA79FC}.Debug|Win32.Build.0 = Debug|Win32
		{6CF035F3-C8E4-40AD-A992-D07C31BA79FC}.Release|Win32.ActiveCfg = Release|Win32
		{6CF035F3-C8E4-40AD-A992-D07C31BA79FC}.Release|Win32.Build.0 = Release|Win32
		{8F562B97-5D1F-4E3C-9447-E01604AF9662}.Debug|Win32.ActiveCfg = Debug|Win32
		{8F562B97-5D1F-4E3C-9447-E01604AF9662}.Debug|Win32.Build.0 = Debug|Win32
		{8F562B97-5D1F-4E3C-9447-E01604AF9662}.Release|Win32.ActiveCfg = Release|Win32
		{8F562B97-5D1F-4E3C-9447-E01604AF9662}.Release|Win32.Build.0 = Release|Win32
		{252C9FE0-3AF1-42D4-BA15-CBC4C26176A8}.Debug|Win32.ActiveCfg = Debug|Win32
		{252C9FE0-3AF1-42D4-BA15-CBC4C26176A8}.Debug|Win32.Build.0 = Debug|Win32
		{252C9FE0-3AF1-42D4-BA15-CBC4C26176A8}.Release|Win32.ActiveCfg = Release|Win32
		{252C9FE0-3AF1-42D4-BA15-CBC4C26176A8}.Release|Win32.Build.0 = Release|Win32
		{7033409A-E1C1-4759-A519-F508EBFF1114}.Debug|Win32.ActiveCfg = Debug|Win32
		{7033409A-E1C1-4759-A519-F508EBFF1114}.Debug|Win32.Build.0 = Debug|Win32
		{7033409A-E1C1-4759-A519-F508EBFF1114}.Release|Win32.ActiveCfg = Release|Win32
		{7033409A-E1C1-4759-A519-F508EBFF1114}.Release|Win32.Build.0 = Release|Win32
		{4D606C3E-242C-4413-87C5-155D35824206}.Debug|Win32.ActiveCfg = Debug|Win32
		{4D606C3E-242C-4413-87C5-155D35824206}.Debug|Win32.Build.0 = Debug|Win32
		{4D606C3E-242C-4413-87C5-155D35824206}.Release|Win32.ActiveCfg = Release|Win32
		{4D606C3E-242C-4413-87C5-155D35824206}.Release|Win32.Build.0 = Release|Win32
	EndGlobalSection
	GlobalSection(SolutionProperties) = preSolution
		HideSolutionNode = FALSE
	EndGlobalSection
	GlobalSection(NestedProjects) = preSolution
		{AD3A956F-41C3-4493-9C88-8A000167BE8D} = {E2398C90-1F1C-4DEB-9430-CC10D92C630A}
		{5F7C4B1C-C85B-46E9-8171-D6B2FAE90A14} = {E2398C90-1F1C-4DEB-9430-CC10D92C630A}
		{903592F7-CE04-464D-AC3A-82CBF28AA53F} = {E2398C90-1F1C-4DEB-9430-CC10D92C630A}
		{ECC8A22B-8DA2-4D50-9679-0DA29AC7D4FF} = {E2398C90-1F1C-4DEB-9430-CC10D92C630A}
		{3F3D0ABE-56CE-47CE-AFC4-D069E0CDE09A} = {E2398C90-1F1C-4DEB-9430-CC10D92C630A}
		{32615C85-50B5-48DB-B611-C8046783FB9B} = {E2398C90-1F1C-4DEB-9430-CC10D92C630A}
		{6CF035F3-C8E4-40AD-A992-D07C31BA79FC} = {E2398C90-1F1C-4DEB-9430-CC10D92C630A}
		{8F562B97-5D1F-4E3C-9447-E01604AF9662} = {E2398C90-1F1C-4DEB-9430-CC10D92C630A}
		{252C9FE0-3AF1-42D4-BA15-CBC4C26176A8} = {E2398C90-1F1C-4DEB-9430-CC10D92C630A}
		{7033409A-E1C1-4759-A519-F508EBFF1114} = {E2398C90-1F1C-4DEB-9430-CC10D92C630A}
		{4D606C3E-242C-4413-87C5-155D35824206} = {E2398C90-1F1C-4DEB-9430-CC10D92C630A}
	EndGlobalSection
EndGlobal
