<?xml version="1.0" encoding="utf-8"?>
<Project ToolsVersion="4.0" xmlns="http://schemas.microsoft.com/developer/msbuild/2003">
  <ItemGroup>
    <Filter Include="Source Files">
      <UniqueIdentifier>{4FC737F1-C7A5-4376-A066-2A32D752A2FF}</UniqueIdentifier>
      <Extensions>cpp;c;cc;cxx;def;odl;idl;hpj;bat;asm;asmx</Extensions>
    </Filter>
    <Filter Include="Header Files">
      <UniqueIdentifier>{93995380-89BD-4b04-88EB-625FBE52EBFB}</UniqueIdentifier>
      <Extensions>h;hh;hpp;hxx;hm;inl;inc;xsd</Extensions>
    </Filter>
    <Filter Include="Resource Files">
      <UniqueIdentifier>{67DA6AB6-F800-4c08-8B7A-83BB121AAD01}</UniqueIdentifier>
      <Extensions>rc;ico;cur;bmp;dlg;rc2;rct;bin;rgs;gif;jpg;jpeg;jpe;resx;tiff;tif;png;wav;mfcribbon-ms</Extensions>
    </Filter>
    <Filter Include="Header Files\GH3">
      <UniqueIdentifier>{68f1dbba-d57e-4edb-9759-6d0ffb7f7336}</UniqueIdentifier>
    </Filter>
    <Filter Include="Source Files\GH3">
      <UniqueIdentifier>{5985b1a0-e80c-49fc-b255-8331b9029133}</UniqueIdentifier>
    </Filter>
  </ItemGroup>
  <ItemGroup>
    <ClCompile Include="dllmain.cpp">
      <Filter>Source Files</Filter>
    </ClCompile>
    <ClCompile Include="core.cpp">
      <Filter>Source Files</Filter>
    </ClCompile>
    <ClCompile Include="PatchManager.cpp">
      <Filter>Source Files</Filter>
    </ClCompile>
    <ClCompile Include="Patcher.cpp">
      <Filter>Source Files</Filter>
    </ClCompile>
    <ClCompile Include="ScopedUnprotect.cpp">
      <Filter>Source Files</Filter>
    </ClCompile>
    <ClCompile Include="..\gh3\QbArray.cpp">
      <Filter>Source Files\GH3</Filter>
    </ClCompile>
    <ClCompile Include="..\gh3\QbStruct.cpp">
      <Filter>Source Files\GH3</Filter>
    </ClCompile>
    <ClCompile Include="..\gh3\QbMap.cpp">
      <Filter>Source Files\GH3</Filter>
    </ClCompile>
    <ClCompile Include="..\gh3\GlobalMap.cpp">
      <Filter>Source Files\GH3</Filter>
    </ClCompile>
    <ClCompile Include="..\gh3\BinaryTree.cpp">
      <Filter>Source Files\GH3</Filter>
    </ClCompile>
  </ItemGroup>
  <ItemGroup>
    <ClInclude Include="core.h">
      <Filter>Header Files</Filter>
    </ClInclude>
    <ClInclude Include="PatchManager.h">
      <Filter>Header Files</Filter>
    </ClInclude>
    <ClInclude Include="Patcher.h">
      <Filter>Header Files</Filter>
    </ClInclude>
    <ClInclude Include="ScopedUnprotect.h">
      <Filter>Header Files</Filter>
    </ClInclude>
    <ClInclude Include="GH3Plus.h">
      <Filter>Header Files</Filter>
    </ClInclude>
    <ClInclude Include="..\gh3\QbArray.h">
      <Filter>Header Files\GH3</Filter>
    </ClInclude>
    <ClInclude Include="..\gh3\QbStruct.h">
      <Filter>Header Files\GH3</Filter>
    </ClInclude>
    <ClInclude Include="..\gh3\QbValueType.h">
      <Filter>Header Files\GH3</Filter>
    </ClInclude>
    <ClInclude Include="..\gh3\QbMap.h">
      <Filter>Header Files\GH3</Filter>
    </ClInclude>
    <ClInclude Include="..\gh3\QbKey.h">
      <Filter>Header Files\GH3</Filter>
    </ClInclude>
    <ClInclude Include="..\gh3\GlobalMap.h">
      <Filter>Header Files\GH3</Filter>
    </ClInclude>
    <ClInclude Include="..\gh3\BinaryTree.h">
      <Filter>Header Files\GH3</Filter>
    </ClInclude>
    <ClInclude Include="..\gh3\TextureMetadata.h">
      <Filter>Header Files\GH3</Filter>
    </ClInclude>
    <ClInclude Include="..\gh3\QbImage.h">
      <Filter>Header Files\GH3</Filter>
    </ClInclude>
    <ClInclude Include="..\gh3\QbPair.h">
      <Filter>Header Files\GH3</Filter>
    </ClInclude>
    <ClInclude Include="..\gh3\QbVector.h">
      <Filter>Header Files\GH3</Filter>
    </ClInclude>
    <ClInclude Include="..\gh3\malloc.h">
      <Filter>Header Files\GH3</Filter>
    </ClInclude>
  </ItemGroup>
</Project>